
Microsoft Visual Studio Solution File, Format Version 12.00
# Visual Studio 2013
VisualStudioVersion = 12.0.21005.1
MinimumVisualStudioVersion = 10.0.40219.1
Project("{FAE04EC0-301F-11D3-BF4B-00C04F79EFBC}") = "EnVoiture", "EnVoiture\EnVoiture.csproj", "{5291BCEE-D481-4D97-8B97-DEAE20AFF882}"
EndProject
Project("{FAE04EC0-301F-11D3-BF4B-00C04F79EFBC}") = "EnVoitureUnitTest", "EnVoitureUnitTest\EnVoitureUnitTest.csproj", "{A1B04A11-94AB-4049-AE47-D78818ACA065}"
EndProject
Global
	GlobalSection(SolutionConfigurationPlatforms) = preSolution
		Debug|Any CPU = Debug|Any CPU
		Release|Any CPU = Release|Any CPU
	EndGlobalSection
	GlobalSection(ProjectConfigurationPlatforms) = postSolution
		{5291BCEE-D481-4D97-8B97-DEAE20AFF882}.Debug|Any CPU.ActiveCfg = Debug|Any CPU
		{5291BCEE-D481-4D97-8B97-DEAE20AFF882}.Debug|Any CPU.Build.0 = Debug|Any CPU
		{5291BCEE-D481-4D97-8B97-DEAE20AFF882}.Release|Any CPU.ActiveCfg = Release|Any CPU
		{5291BCEE-D481-4D97-8B97-DEAE20AFF882}.Release|Any CPU.Build.0 = Release|Any CPU
		{A1B04A11-94AB-4049-AE47-D78818ACA065}.Debug|Any CPU.ActiveCfg = Debug|Any CPU
		{A1B04A11-94AB-4049-AE47-D78818ACA065}.Debug|Any CPU.Build.0 = Debug|Any CPU
		{A1B04A11-94AB-4049-AE47-D78818ACA065}.Release|Any CPU.ActiveCfg = Release|Any CPU
		{A1B04A11-94AB-4049-AE47-D78818ACA065}.Release|Any CPU.Build.0 = Release|Any CPU
	EndGlobalSection
	GlobalSection(SolutionProperties) = preSolution
		HideSolutionNode = FALSE
	EndGlobalSection
EndGlobal
